{
  "version": "5",
  "specifiers": {
    "jsr:@mewhhaha/baba@9": "9.0.0",
    "jsr:@mewhhaha/gpufuck@0.9": "0.9.1",
    "jsr:@mewhhaha/gpupaper@~0.1.5": "0.1.5",
    "jsr:@std/assert@1": "1.0.19",
    "jsr:@std/internal@^1.0.12": "1.0.14",
    "jsr:@std/internal@^1.0.14": "1.0.14",
    "jsr:@std/path@1": "1.1.6"
  },
  "jsr": {
    "@mewhhaha/baba@9.0.0": {
      "integrity": "82eeb7e1f8eaed96edc82494ddbffdd6afd72237e0c057843d649c59ac61e203"
    },
    "@mewhhaha/gpufuck@0.9.1": {
      "integrity": "7a019fefb61197b4a46cf0679ff603a5b4860830af9c6d7b49806cc22bb9c9d4"
    },
    "@mewhhaha/gpupaper@0.1.5": {
      "integrity": "6c561b49b6ed0ce627a256b298fe86023facb335d5017eccac310956c49d99b9"
    },
    "@std/assert@1.0.19": {
      "integrity": "eaada96ee120cb980bc47e040f82814d786fe8162ecc53c91d8df60b8755991e",
      "dependencies": [
        "jsr:@std/internal@^1.0.12"
      ]
    },
    "@std/internal@1.0.14": {
      "integrity": "291516b3d4c35024d6ffbc0a9df5bf4c64116e05b50012cf846710152d2ffdf7"
    },
    "@std/path@1.1.6": {
      "integrity": "c68485c2a4dfbb5ae3cc74fae4e8c4e5d874cf8a8ed12927917235c758b46cbe",
      "dependencies": [
        "jsr:@std/internal@^1.0.14"
      ]
    }
  },
  "workspace": {
    "dependencies": [
      "jsr:@mewhhaha/baba@9",
      "jsr:@mewhhaha/gpufuck@0.9",
      "jsr:@mewhhaha/gpupaper@~0.1.5",
      "jsr:@std/assert@1",
      "jsr:@std/path@1"
    ]
  }
}
